// !$*UTF8*$!
{
	archiveVersion = 1;
	classes = {
	};
	objectVersion = 56;
	objects = {

/* Begin PBXBuildFile section */
		FA3415E02A6354EC0033C5EA /* AppDelegate.swift in Sources */ = {isa = PBXBuildFile; fileRef = FA3415DF2A6354EC0033C5EA /* AppDelegate.swift */; };
		FA3415E22A6354EC0033C5EA /* SceneDelegate.swift in Sources */ = {isa = PBXBuildFile; fileRef = FA3415E12A6354EC0033C5EA /* SceneDelegate.swift */; };
		FA3415E42A6354EC0033C5EA /* AuthViewController.swift in Sources */ = {isa = PBXBuildFile; fileRef = FA3415E32A6354EC0033C5EA /* AuthViewController.swift */; };
		FA3415E92A6354EE0033C5EA /* Assets.xcassets in Resources */ = {isa = PBXBuildFile; fileRef = FA3415E82A6354EE0033C5EA /* Assets.xcassets */; };
		FA3415EC2A6354EE0033C5EA /* LaunchScreen.storyboard in Resources */ = {isa = PBXBuildFile; fileRef = FA3415EA2A6354EE0033C5EA /* LaunchScreen.storyboard */; };
		FA3415FA2A63620B0033C5EA /* SnapKit in Frameworks */ = {isa = PBXBuildFile; productRef = FA3415F92A63620B0033C5EA /* SnapKit */; };
		FA850EB02A6762FB004AD07C /* FAQViewController.swift in Sources */ = {isa = PBXBuildFile; fileRef = FA850EAF2A6762FB004AD07C /* FAQViewController.swift */; };
		FA850EB22A6D2AFD004AD07C /* RegistrationViewController.swift in Sources */ = {isa = PBXBuildFile; fileRef = FA850EB12A6D2AFD004AD07C /* RegistrationViewController.swift */; };
		FAD46C4A2A86562B00E067B5 /* MainViewController.swift in Sources */ = {isa = PBXBuildFile; fileRef = FAD46C492A86562B00E067B5 /* MainViewController.swift */; };
		FAD46C4D2A865CB100E067B5 /* Alert.swift in Sources */ = {isa = PBXBuildFile; fileRef = FAD46C4C2A865CB100E067B5 /* Alert.swift */; };
		FAD46C4F2A86690400E067B5 /* UserManager.swift in Sources */ = {isa = PBXBuildFile; fileRef = FAD46C4E2A86690400E067B5 /* UserManager.swift */; };
		FAD46C522A8844A700E067B5 /* FirebaseAuth in Frameworks */ = {isa = PBXBuildFile; productRef = FAD46C512A8844A700E067B5 /* FirebaseAuth */; };
		FAD46C542A8844A700E067B5 /* FirebaseDatabase in Frameworks */ = {isa = PBXBuildFile; productRef = FAD46C532A8844A700E067B5 /* FirebaseDatabase */; };
		FAD46C562A8844A700E067B5 /* FirebaseDatabaseSwift in Frameworks */ = {isa = PBXBuildFile; productRef = FAD46C552A8844A700E067B5 /* FirebaseDatabaseSwift */; };
		FAD46C582A8844A700E067B5 /* FirebaseInAppMessaging-Beta in Frameworks */ = {isa = PBXBuildFile; productRef = FAD46C572A8844A700E067B5 /* FirebaseInAppMessaging-Beta */; };
		FAD46C5A2A8844A700E067B5 /* FirebaseInAppMessagingSwift-Beta in Frameworks */ = {isa = PBXBuildFile; productRef = FAD46C592A8844A700E067B5 /* FirebaseInAppMessagingSwift-Beta */; };
		FAD46C5C2A8844A700E067B5 /* FirebaseMessaging in Frameworks */ = {isa = PBXBuildFile; productRef = FAD46C5B2A8844A700E067B5 /* FirebaseMessaging */; };
		FAD46C5E2A8844A700E067B5 /* FirebaseStorage in Frameworks */ = {isa = PBXBuildFile; productRef = FAD46C5D2A8844A700E067B5 /* FirebaseStorage */; };
		FAF1A99B2A7FE2DE00528B5D /* UsersJSON in Resources */ = {isa = PBXBuildFile; fileRef = FAF1A99A2A7FE2DE00528B5D /* UsersJSON */; };
		FAF1A99E2A7FEA1000528B5D /* SwiftyJSON in Frameworks */ = {isa = PBXBuildFile; productRef = FAF1A99D2A7FEA1000528B5D /* SwiftyJSON */; };
		FAF1A9A02A7FEA3200528B5D /* User.swift in Sources */ = {isa = PBXBuildFile; fileRef = FAF1A99F2A7FEA3200528B5D /* User.swift */; };
/* End PBXBuildFile section */

/* Begin PBXFileReference section */
		FA3415DC2A6354EC0033C5EA /* Messenger Project.app */ = {isa = PBXFileReference; explicitFileType = wrapper.application; includeInIndex = 0; path = "Messenger Project.app"; sourceTree = BUILT_PRODUCTS_DIR; };
		FA3415DF2A6354EC0033C5EA /* AppDelegate.swift */ = {isa = PBXFileReference; lastKnownFileType = sourcecode.swift; path = AppDelegate.swift; sourceTree = "<group>"; };
		FA3415E12A6354EC0033C5EA /* SceneDelegate.swift */ = {isa = PBXFileReference; lastKnownFileType = sourcecode.swift; path = SceneDelegate.swift; sourceTree = "<group>"; };
		FA3415E32A6354EC0033C5EA /* AuthViewController.swift */ = {isa = PBXFileReference; lastKnownFileType = sourcecode.swift; path = AuthViewController.swift; sourceTree = "<group>"; };
		FA3415E82A6354EE0033C5EA /* Assets.xcassets */ = {isa = PBXFileReference; lastKnownFileType = folder.assetcatalog; path = Assets.xcassets; sourceTree = "<group>"; };
		FA3415EB2A6354EE0033C5EA /* Base */ = {isa = PBXFileReference; lastKnownFileType = file.storyboard; name = Base; path = Base.lproj/LaunchScreen.storyboard; sourceTree = "<group>"; };
		FA3415ED2A6354EE0033C5EA /* Info.plist */ = {isa = PBXFileReference; lastKnownFileType = text.plist.xml; path = Info.plist; sourceTree = "<group>"; };
		FA850EAF2A6762FB004AD07C /* FAQViewController.swift */ = {isa = PBXFileReference; lastKnownFileType = sourcecode.swift; path = FAQViewController.swift; sourceTree = "<group>"; };
		FA850EB12A6D2AFD004AD07C /* RegistrationViewController.swift */ = {isa = PBXFileReference; lastKnownFileType = sourcecode.swift; path = RegistrationViewController.swift; sourceTree = "<group>"; };
		FAD46C492A86562B00E067B5 /* MainViewController.swift */ = {isa = PBXFileReference; lastKnownFileType = sourcecode.swift; path = MainViewController.swift; sourceTree = "<group>"; };
		FAD46C4C2A865CB100E067B5 /* Alert.swift */ = {isa = PBXFileReference; lastKnownFileType = sourcecode.swift; path = Alert.swift; sourceTree = "<group>"; };
		FAD46C4E2A86690400E067B5 /* UserManager.swift */ = {isa = PBXFileReference; lastKnownFileType = sourcecode.swift; path = UserManager.swift; sourceTree = "<group>"; };
		FAF1A99A2A7FE2DE00528B5D /* UsersJSON */ = {isa = PBXFileReference; lastKnownFileType = text; path = UsersJSON; sourceTree = "<group>"; };
		FAF1A99F2A7FEA3200528B5D /* User.swift */ = {isa = PBXFileReference; lastKnownFileType = sourcecode.swift; path = User.swift; sourceTree = "<group>"; };
/* End PBXFileReference section */

/* Begin PBXFrameworksBuildPhase section */
		FA3415D92A6354EC0033C5EA /* Frameworks */ = {
			isa = PBXFrameworksBuildPhase;
			buildActionMask = 2147483647;
			files = (
				FAD46C5C2A8844A700E067B5 /* FirebaseMessaging in Frameworks */,
				FAD46C562A8844A700E067B5 /* FirebaseDatabaseSwift in Frameworks */,
				FAD46C5E2A8844A700E067B5 /* FirebaseStorage in Frameworks */,
				FAF1A99E2A7FEA1000528B5D /* SwiftyJSON in Frameworks */,
				FAD46C5A2A8844A700E067B5 /* FirebaseInAppMessagingSwift-Beta in Frameworks */,
				FAD46C522A8844A700E067B5 /* FirebaseAuth in Frameworks */,
				FAD46C542A8844A700E067B5 /* FirebaseDatabase in Frameworks */,
				FA3415FA2A63620B0033C5EA /* SnapKit in Frameworks */,
				FAD46C582A8844A700E067B5 /* FirebaseInAppMessaging-Beta in Frameworks */,
			);
			runOnlyForDeploymentPostprocessing = 0;
		};
/* End PBXFrameworksBuildPhase section */

/* Begin PBXGroup section */
		FA3415D32A6354EC0033C5EA = {
			isa = PBXGroup;
			children = (
				FA3415DE2A6354EC0033C5EA /* Messenger Project */,
				FA3415DD2A6354EC0033C5EA /* Products */,
			);
			sourceTree = "<group>";
		};
		FA3415DD2A6354EC0033C5EA /* Products */ = {
			isa = PBXGroup;
			children = (
				FA3415DC2A6354EC0033C5EA /* Messenger Project.app */,
			);
			name = Products;
			sourceTree = "<group>";
		};
		FA3415DE2A6354EC0033C5EA /* Messenger Project */ = {
			isa = PBXGroup;
			children = (
				FA3415F42A635ED30033C5EA /* Supporting Files */,
				FA3415F32A635E7C0033C5EA /* Application */,
				FA3415F52A635F550033C5EA /* Auth */,
				FAD46C4B2A86563800E067B5 /* MainChat */,
				FA850EAE2A6762BC004AD07C /* FAQ */,
				FA3415ED2A6354EE0033C5EA /* Info.plist */,
				FAF1A9A12A7FEA3C00528B5D /* User */,
			);
			path = "Messenger Project";
			sourceTree = "<group>";
		};
		FA3415F32A635E7C0033C5EA /* Application */ = {
			isa = PBXGroup;
			children = (
				FA3415DF2A6354EC0033C5EA /* AppDelegate.swift */,
				FA3415E12A6354EC0033C5EA /* SceneDelegate.swift */,
			);
			path = Application;
			sourceTree = "<group>";
		};
		FA3415F42A635ED30033C5EA /* Supporting Files */ = {
			isa = PBXGroup;
			children = (
				FA3415E82A6354EE0033C5EA /* Assets.xcassets */,
				FA3415EA2A6354EE0033C5EA /* LaunchScreen.storyboard */,
				FAD46C4C2A865CB100E067B5 /* Alert.swift */,
			);
			path = "Supporting Files";
			sourceTree = "<group>";
		};
		FA3415F52A635F550033C5EA /* Auth */ = {
			isa = PBXGroup;
			children = (
				FA3415E32A6354EC0033C5EA /* AuthViewController.swift */,
				FA850EB12A6D2AFD004AD07C /* RegistrationViewController.swift */,
			);
			path = Auth;
			sourceTree = "<group>";
		};
		FA850EAE2A6762BC004AD07C /* FAQ */ = {
			isa = PBXGroup;
			children = (
				FA850EAF2A6762FB004AD07C /* FAQViewController.swift */,
			);
			path = FAQ;
			sourceTree = "<group>";
		};
		FAD46C4B2A86563800E067B5 /* MainChat */ = {
			isa = PBXGroup;
			children = (
				FAD46C492A86562B00E067B5 /* MainViewController.swift */,
			);
			path = MainChat;
			sourceTree = "<group>";
		};
		FAF1A9A12A7FEA3C00528B5D /* User */ = {
			isa = PBXGroup;
			children = (
				FAF1A99F2A7FEA3200528B5D /* User.swift */,
				FAF1A99A2A7FE2DE00528B5D /* UsersJSON */,
				FAD46C4E2A86690400E067B5 /* UserManager.swift */,
			);
			path = User;
			sourceTree = "<group>";
		};
/* End PBXGroup section */

/* Begin PBXNativeTarget section */
		FA3415DB2A6354EC0033C5EA /* Messenger Project */ = {
			isa = PBXNativeTarget;
			buildConfigurationList = FA3415F02A6354EE0033C5EA /* Build configuration list for PBXNativeTarget "Messenger Project" */;
			buildPhases = (
				FA3415D82A6354EC0033C5EA /* Sources */,
				FA3415D92A6354EC0033C5EA /* Frameworks */,
				FA3415DA2A6354EC0033C5EA /* Resources */,
			);
			buildRules = (
			);
			dependencies = (
			);
			name = "Messenger Project";
			packageProductDependencies = (
				FA3415F92A63620B0033C5EA /* SnapKit */,
				FAF1A99D2A7FEA1000528B5D /* SwiftyJSON */,
				FAD46C512A8844A700E067B5 /* FirebaseAuth */,
				FAD46C532A8844A700E067B5 /* FirebaseDatabase */,
				FAD46C552A8844A700E067B5 /* FirebaseDatabaseSwift */,
				FAD46C572A8844A700E067B5 /* FirebaseInAppMessaging-Beta */,
				FAD46C592A8844A700E067B5 /* FirebaseInAppMessagingSwift-Beta */,
				FAD46C5B2A8844A700E067B5 /* FirebaseMessaging */,
				FAD46C5D2A8844A700E067B5 /* FirebaseStorage */,
			);
			productName = "Messenger Project";
			productReference = FA3415DC2A6354EC0033C5EA /* Messenger Project.app */;
			productType = "com.apple.product-type.application";
		};
/* End PBXNativeTarget section */

/* Begin PBXProject section */
		FA3415D42A6354EC0033C5EA /* Project object */ = {
			isa = PBXProject;
			attributes = {
				BuildIndependentTargetsInParallel = 1;
				LastSwiftUpdateCheck = 1430;
				LastUpgradeCheck = 1430;
				TargetAttributes = {
					FA3415DB2A6354EC0033C5EA = {
						CreatedOnToolsVersion = 14.3.1;
					};
				};
			};
			buildConfigurationList = FA3415D72A6354EC0033C5EA /* Build configuration list for PBXProject "Messenger Project" */;
			compatibilityVersion = "Xcode 14.0";
			developmentRegion = en;
			hasScannedForEncodings = 0;
			knownRegions = (
				en,
				Base,
			);
			mainGroup = FA3415D32A6354EC0033C5EA;
			packageReferences = (
				FA3415F82A63620B0033C5EA /* XCRemoteSwiftPackageReference "SnapKit" */,
				FAF1A99C2A7FEA0F00528B5D /* XCRemoteSwiftPackageReference "SwiftyJSON" */,
				FAD46C502A8844A700E067B5 /* XCRemoteSwiftPackageReference "firebase-ios-sdk" */,
			);
			productRefGroup = FA3415DD2A6354EC0033C5EA /* Products */;
			projectDirPath = "";
			projectRoot = "";
			targets = (
				FA3415DB2A6354EC0033C5EA /* Messenger Project */,
			);
		};
/* End PBXProject section */

/* Begin PBXResourcesBuildPhase section */
		FA3415DA2A6354EC0033C5EA /* Resources */ = {
			isa = PBXResourcesBuildPhase;
			buildActionMask = 2147483647;
			files = (
				FA3415EC2A6354EE0033C5EA /* LaunchScreen.storyboard in Resources */,
				FAF1A99B2A7FE2DE00528B5D /* UsersJSON in Resources */,
				FA3415E92A6354EE0033C5EA /* Assets.xcassets in Resources */,
			);
			runOnlyForDeploymentPostprocessing = 0;
		};
/* End PBXResourcesBuildPhase section */

/* Begin PBXSourcesBuildPhase section */
		FA3415D82A6354EC0033C5EA /* Sources */ = {
			isa = PBXSourcesBuildPhase;
			buildActionMask = 2147483647;
			files = (
				FAD46C4F2A86690400E067B5 /* UserManager.swift in Sources */,
				FAD46C4A2A86562B00E067B5 /* MainViewController.swift in Sources */,
				FA3415E42A6354EC0033C5EA /* AuthViewController.swift in Sources */,
				FA850EB02A6762FB004AD07C /* FAQViewController.swift in Sources */,
				FAF1A9A02A7FEA3200528B5D /* User.swift in Sources */,
				FA3415E02A6354EC0033C5EA /* AppDelegate.swift in Sources */,
				FA3415E22A6354EC0033C5EA /* SceneDelegate.swift in Sources */,
				FAD46C4D2A865CB100E067B5 /* Alert.swift in Sources */,
				FA850EB22A6D2AFD004AD07C /* RegistrationViewController.swift in Sources */,
			);
			runOnlyForDeploymentPostprocessing = 0;
		};
/* End PBXSourcesBuildPhase section */

/* Begin PBXVariantGroup section */
		FA3415EA2A6354EE0033C5EA /* LaunchScreen.storyboard */ = {
			isa = PBXVariantGroup;
			children = (
				FA3415EB2A6354EE0033C5EA /* Base */,
			);
			name = LaunchScreen.storyboard;
			sourceTree = "<group>";
		};
/* End PBXVariantGroup section */

/* Begin XCBuildConfiguration section */
		FA3415EE2A6354EE0033C5EA /* Debug */ = {
			isa = XCBuildConfiguration;
			buildSettings = {
				ALWAYS_SEARCH_USER_PATHS = NO;
				CLANG_ANALYZER_NONNULL = YES;
				CLANG_ANALYZER_NUMBER_OBJECT_CONVERSION = YES_AGGRESSIVE;
				CLANG_CXX_LANGUAGE_STANDARD = "gnu++20";
				CLANG_ENABLE_MODULES = YES;
				CLANG_ENABLE_OBJC_ARC = YES;
				CLANG_ENABLE_OBJC_WEAK = YES;
				CLANG_WARN_BLOCK_CAPTURE_AUTORELEASING = YES;
				CLANG_WARN_BOOL_CONVERSION = YES;
				CLANG_WARN_COMMA = YES;
				CLANG_WARN_CONSTANT_CONVERSION = YES;
				CLANG_WARN_DEPRECATED_OBJC_IMPLEMENTATIONS = YES;
				CLANG_WARN_DIRECT_OBJC_ISA_USAGE = YES_ERROR;
				CLANG_WARN_DOCUMENTATION_COMMENTS = YES;
				CLANG_WARN_EMPTY_BODY = YES;
				CLANG_WARN_ENUM_CONVERSION = YES;
				CLANG_WARN_INFINITE_RECURSION = YES;
				CLANG_WARN_INT_CONVERSION = YES;
				CLANG_WARN_NON_LITERAL_NULL_CONVERSION = YES;
				CLANG_WARN_OBJC_IMPLICIT_RETAIN_SELF = YES;
				CLANG_WARN_OBJC_LITERAL_CONVERSION = YES;
				CLANG_WARN_OBJC_ROOT_CLASS = YES_ERROR;
				CLANG_WARN_QUOTED_INCLUDE_IN_FRAMEWORK_HEADER = YES;
				CLANG_WARN_RANGE_LOOP_ANALYSIS = YES;
				CLANG_WARN_STRICT_PROTOTYPES = YES;
				CLANG_WARN_SUSPICIOUS_MOVE = YES;
				CLANG_WARN_UNGUARDED_AVAILABILITY = YES_AGGRESSIVE;
				CLANG_WARN_UNREACHABLE_CODE = YES;
				CLANG_WARN__DUPLICATE_METHOD_MATCH = YES;
				COPY_PHASE_STRIP = NO;
				DEBUG_INFORMATION_FORMAT = dwarf;
				ENABLE_STRICT_OBJC_MSGSEND = YES;
				ENABLE_TESTABILITY = YES;
				GCC_C_LANGUAGE_STANDARD = gnu11;
				GCC_DYNAMIC_NO_PIC = NO;
				GCC_NO_COMMON_BLOCKS = YES;
				GCC_OPTIMIZATION_LEVEL = 0;
				GCC_PREPROCESSOR_DEFINITIONS = (
					"DEBUG=1",
					"$(inherited)",
				);
				GCC_WARN_64_TO_32_BIT_CONVERSION = YES;
				GCC_WARN_ABOUT_RETURN_TYPE = YES_ERROR;
				GCC_WARN_UNDECLARED_SELECTOR = YES;
				GCC_WARN_UNINITIALIZED_AUTOS = YES_AGGRESSIVE;
				GCC_WARN_UNUSED_FUNCTION = YES;
				GCC_WARN_UNUSED_VARIABLE = YES;
				IPHONEOS_DEPLOYMENT_TARGET = 16.4;
				MTL_ENABLE_DEBUG_INFO = INCLUDE_SOURCE;
				MTL_FAST_MATH = YES;
				ONLY_ACTIVE_ARCH = YES;
				SDKROOT = iphoneos;
				SWIFT_ACTIVE_COMPILATION_CONDITIONS = DEBUG;
				SWIFT_OPTIMIZATION_LEVEL = "-Onone";
			};
			name = Debug;
		};
		FA3415EF2A6354EE0033C5EA /* Release */ = {
			isa = XCBuildConfiguration;
			buildSettings = {
				ALWAYS_SEARCH_USER_PATHS = NO;
				CLANG_ANALYZER_NONNULL = YES;
				CLANG_ANALYZER_NUMBER_OBJECT_CONVERSION = YES_AGGRESSIVE;
				CLANG_CXX_LANGUAGE_STANDARD = "gnu++20";
				CLANG_ENABLE_MODULES = YES;
				CLANG_ENABLE_OBJC_ARC = YES;
				CLANG_ENABLE_OBJC_WEAK = YES;
				CLANG_WARN_BLOCK_CAPTURE_AUTORELEASING = YES;
				CLANG_WARN_BOOL_CONVERSION = YES;
				CLANG_WARN_COMMA = YES;
				CLANG_WARN_CONSTANT_CONVERSION = YES;
				CLANG_WARN_DEPRECATED_OBJC_IMPLEMENTATIONS = YES;
				CLANG_WARN_DIRECT_OBJC_ISA_USAGE = YES_ERROR;
				CLANG_WARN_DOCUMENTATION_COMMENTS = YES;
				CLANG_WARN_EMPTY_BODY = YES;
				CLANG_WARN_ENUM_CONVERSION = YES;
				CLANG_WARN_INFINITE_RECURSION = YES;
				CLANG_WARN_INT_CONVERSION = YES;
				CLANG_WARN_NON_LITERAL_NULL_CONVERSION = YES;
				CLANG_WARN_OBJC_IMPLICIT_RETAIN_SELF = YES;
				CLANG_WARN_OBJC_LITERAL_CONVERSION = YES;
				CLANG_WARN_OBJC_ROOT_CLASS = YES_ERROR;
				CLANG_WARN_QUOTED_INCLUDE_IN_FRAMEWORK_HEADER = YES;
				CLANG_WARN_RANGE_LOOP_ANALYSIS = YES;
				CLANG_WARN_STRICT_PROTOTYPES = YES;
				CLANG_WARN_SUSPICIOUS_MOVE = YES;
				CLANG_WARN_UNGUARDED_AVAILABILITY = YES_AGGRESSIVE;
				CLANG_WARN_UNREACHABLE_CODE = YES;
				CLANG_WARN__DUPLICATE_METHOD_MATCH = YES;
				COPY_PHASE_STRIP = NO;
				DEBUG_INFORMATION_FORMAT = "dwarf-with-dsym";
				ENABLE_NS_ASSERTIONS = NO;
				ENABLE_STRICT_OBJC_MSGSEND = YES;
				GCC_C_LANGUAGE_STANDARD = gnu11;
				GCC_NO_COMMON_BLOCKS = YES;
				GCC_WARN_64_TO_32_BIT_CONVERSION = YES;
				GCC_WARN_ABOUT_RETURN_TYPE = YES_ERROR;
				GCC_WARN_UNDECLARED_SELECTOR = YES;
				GCC_WARN_UNINITIALIZED_AUTOS = YES_AGGRESSIVE;
				GCC_WARN_UNUSED_FUNCTION = YES;
				GCC_WARN_UNUSED_VARIABLE = YES;
				IPHONEOS_DEPLOYMENT_TARGET = 16.4;
				MTL_ENABLE_DEBUG_INFO = NO;
				MTL_FAST_MATH = YES;
				SDKROOT = iphoneos;
				SWIFT_COMPILATION_MODE = wholemodule;
				SWIFT_OPTIMIZATION_LEVEL = "-O";
				VALIDATE_PRODUCT = YES;
			};
			name = Release;
		};
		FA3415F12A6354EE0033C5EA /* Debug */ = {
			isa = XCBuildConfiguration;
			buildSettings = {
				ASSETCATALOG_COMPILER_APPICON_NAME = AppIcon;
				ASSETCATALOG_COMPILER_GLOBAL_ACCENT_COLOR_NAME = AccentColor;
				CODE_SIGN_STYLE = Automatic;
				CURRENT_PROJECT_VERSION = 1;
				DEVELOPMENT_TEAM = CV7J7FRK2Y;
				GENERATE_INFOPLIST_FILE = YES;
				INFOPLIST_FILE = "Messenger Project/Info.plist";
				INFOPLIST_KEY_UIApplicationSupportsIndirectInputEvents = YES;
				INFOPLIST_KEY_UILaunchStoryboardName = LaunchScreen;
				INFOPLIST_KEY_UISupportedInterfaceOrientations_iPad = "UIInterfaceOrientationPortrait UIInterfaceOrientationPortraitUpsideDown UIInterfaceOrientationLandscapeLeft UIInterfaceOrientationLandscapeRight";
				INFOPLIST_KEY_UISupportedInterfaceOrientations_iPhone = "UIInterfaceOrientationPortrait UIInterfaceOrientationLandscapeLeft UIInterfaceOrientationLandscapeRight";
				LD_RUNPATH_SEARCH_PATHS = (
					"$(inherited)",
					"@executable_path/Frameworks",
				);
				MARKETING_VERSION = 1.0;
				PRODUCT_BUNDLE_IDENTIFIER = "POPOV-ALEKSANDR.Messenger-Project";
				PRODUCT_NAME = "$(TARGET_NAME)";
				SWIFT_EMIT_LOC_STRINGS = YES;
				SWIFT_VERSION = 5.0;
				TARGETED_DEVICE_FAMILY = "1,2";
			};
			name = Debug;
		};
		FA3415F22A6354EE0033C5EA /* Release */ = {
			isa = XCBuildConfiguration;
			buildSettings = {
				ASSETCATALOG_COMPILER_APPICON_NAME = AppIcon;
				ASSETCATALOG_COMPILER_GLOBAL_ACCENT_COLOR_NAME = AccentColor;
				CODE_SIGN_STYLE = Automatic;
				CURRENT_PROJECT_VERSION = 1;
				DEVELOPMENT_TEAM = CV7J7FRK2Y;
				GENERATE_INFOPLIST_FILE = YES;
				INFOPLIST_FILE = "Messenger Project/Info.plist";
				INFOPLIST_KEY_UIApplicationSupportsIndirectInputEvents = YES;
				INFOPLIST_KEY_UILaunchStoryboardName = LaunchScreen;
				INFOPLIST_KEY_UISupportedInterfaceOrientations_iPad = "UIInterfaceOrientationPortrait UIInterfaceOrientationPortraitUpsideDown UIInterfaceOrientationLandscapeLeft UIInterfaceOrientationLandscapeRight";
				INFOPLIST_KEY_UISupportedInterfaceOrientations_iPhone = "UIInterfaceOrientationPortrait UIInterfaceOrientationLandscapeLeft UIInterfaceOrientationLandscapeRight";
				LD_RUNPATH_SEARCH_PATHS = (
					"$(inherited)",
					"@executable_path/Frameworks",
				);
				MARKETING_VERSION = 1.0;
				PRODUCT_BUNDLE_IDENTIFIER = "POPOV-ALEKSANDR.Messenger-Project";
				PRODUCT_NAME = "$(TARGET_NAME)";
				SWIFT_EMIT_LOC_STRINGS = YES;
				SWIFT_VERSION = 5.0;
				TARGETED_DEVICE_FAMILY = "1,2";
			};
			name = Release;
		};
/* End XCBuildConfiguration section */

/* Begin XCConfigurationList section */
		FA3415D72A6354EC0033C5EA /* Build configuration list for PBXProject "Messenger Project" */ = {
			isa = XCConfigurationList;
			buildConfigurations = (
				FA3415EE2A6354EE0033C5EA /* Debug */,
				FA3415EF2A6354EE0033C5EA /* Release */,
			);
			defaultConfigurationIsVisible = 0;
			defaultConfigurationName = Release;
		};
		FA3415F02A6354EE0033C5EA /* Build configuration list for PBXNativeTarget "Messenger Project" */ = {
			isa = XCConfigurationList;
			buildConfigurations = (
				FA3415F12A6354EE0033C5EA /* Debug */,
				FA3415F22A6354EE0033C5EA /* Release */,
			);
			defaultConfigurationIsVisible = 0;
			defaultConfigurationName = Release;
		};
/* End XCConfigurationList section */

/* Begin XCRemoteSwiftPackageReference section */
		FA3415F82A63620B0033C5EA /* XCRemoteSwiftPackageReference "SnapKit" */ = {
			isa = XCRemoteSwiftPackageReference;
			repositoryURL = "https://github.com/SnapKit/SnapKit.git";
			requirement = {
				kind = upToNextMajorVersion;
				minimumVersion = 5.0.0;
			};
		};
		FAD46C502A8844A700E067B5 /* XCRemoteSwiftPackageReference "firebase-ios-sdk" */ = {
			isa = XCRemoteSwiftPackageReference;
			repositoryURL = "https://github.com/firebase/firebase-ios-sdk";
			requirement = {
				kind = upToNextMajorVersion;
				minimumVersion = 10.0.0;
			};
		};
		FAF1A99C2A7FEA0F00528B5D /* XCRemoteSwiftPackageReference "SwiftyJSON" */ = {
			isa = XCRemoteSwiftPackageReference;
			repositoryURL = "https://github.com/SwiftyJSON/SwiftyJSON.git";
			requirement = {
				kind = upToNextMajorVersion;
				minimumVersion = 5.0.0;
			};
		};
/* End XCRemoteSwiftPackageReference section */

/* Begin XCSwiftPackageProductDependency section */
		FA3415F92A63620B0033C5EA /* SnapKit */ = {
			isa = XCSwiftPackageProductDependency;
			package = FA3415F82A63620B0033C5EA /* XCRemoteSwiftPackageReference "SnapKit" */;
			productName = SnapKit;
		};
		FAD46C512A8844A700E067B5 /* FirebaseAuth */ = {
			isa = XCSwiftPackageProductDependency;
			package = FAD46C502A8844A700E067B5 /* XCRemoteSwiftPackageReference "firebase-ios-sdk" */;
			productName = FirebaseAuth;
		};
		FAD46C532A8844A700E067B5 /* FirebaseDatabase */ = {
			isa = XCSwiftPackageProductDependency;
			package = FAD46C502A8844A700E067B5 /* XCRemoteSwiftPackageReference "firebase-ios-sdk" */;
			productName = FirebaseDatabase;
		};
		FAD46C552A8844A700E067B5 /* FirebaseDatabaseSwift */ = {
			isa = XCSwiftPackageProductDependency;
			package = FAD46C502A8844A700E067B5 /* XCRemoteSwiftPackageReference "firebase-ios-sdk" */;
			productName = FirebaseDatabaseSwift;
		};
		FAD46C572A8844A700E067B5 /* FirebaseInAppMessaging-Beta */ = {
			isa = XCSwiftPackageProductDependency;
			package = FAD46C502A8844A700E067B5 /* XCRemoteSwiftPackageReference "firebase-ios-sdk" */;
			productName = "FirebaseInAppMessaging-Beta";
		};
		FAD46C592A8844A700E067B5 /* FirebaseInAppMessagingSwift-Beta */ = {
			isa = XCSwiftPackageProductDependency;
			package = FAD46C502A8844A700E067B5 /* XCRemoteSwiftPackageReference "firebase-ios-sdk" */;
			productName = "FirebaseInAppMessagingSwift-Beta";
		};
		FAD46C5B2A8844A700E067B5 /* FirebaseMessaging */ = {
			isa = XCSwiftPackageProductDependency;
			package = FAD46C502A8844A700E067B5 /* XCRemoteSwiftPackageReference "firebase-ios-sdk" */;
			productName = FirebaseMessaging;
		};
		FAD46C5D2A8844A700E067B5 /* FirebaseStorage */ = {
			isa = XCSwiftPackageProductDependency;
			package = FAD46C502A8844A700E067B5 /* XCRemoteSwiftPackageReference "firebase-ios-sdk" */;
			productName = FirebaseStorage;
		};
		FAF1A99D2A7FEA1000528B5D /* SwiftyJSON */ = {
			isa = XCSwiftPackageProductDependency;
			package = FAF1A99C2A7FEA0F00528B5D /* XCRemoteSwiftPackageReference "SwiftyJSON" */;
			productName = SwiftyJSON;
		};
/* End XCSwiftPackageProductDependency section */
	};
	rootObject = FA3415D42A6354EC0033C5EA /* Project object */;
}
